
Microsoft Visual Studio Solution File, Format Version 12.00
# Visual Studio Version 17
VisualStudioVersion = 17.14.36511.14 d17.14
MinimumVisualStudioVersion = 10.0.40219.1
Project("{FAE04EC0-301F-11D3-BF4B-00C04F79EFBC}") = "Курсовая", "Курсовая\Курсовая.csproj", "{20567F25-A909-49FB-BFE7-9F86DE4A868D}"
EndProject
Global
	GlobalSection(SolutionConfigurationPlatforms) = preSolution
		Debug|Any CPU = Debug|Any CPU
		Release|Any CPU = Release|Any CPU
	EndGlobalSection
	GlobalSection(ProjectConfigurationPlatforms) = postSolution
		{20567F25-A909-49FB-BFE7-9F86DE4A868D}.Debug|Any CPU.ActiveCfg = Debug|Any CPU
		{20567F25-A909-49FB-BFE7-9F86DE4A868D}.Debug|Any CPU.Build.0 = Debug|Any CPU
		{20567F25-A909-49FB-BFE7-9F86DE4A868D}.Release|Any CPU.ActiveCfg = Release|Any CPU
		{20567F25-A909-49FB-BFE7-9F86DE4A868D}.Release|Any CPU.Build.0 = Release|Any CPU
	EndGlobalSection
	GlobalSection(SolutionProperties) = preSolution
		HideSolutionNode = FALSE
	EndGlobalSection
	GlobalSection(ExtensibilityGlobals) = postSolution
		SolutionGuid = {72E759B6-58EA-4C19-B00E-797A7DE5637D}
	EndGlobalSection
EndGlobal
